
Microsoft Visual Studio Solution File, Format Version 9.00
# Visual Studio 2005
Project("{8BC9CEB8-8B4A-11D0-8D11-00A0C91BC942}") = "Parser", "Parser\Parser.vcproj", "{CB3B1D95-DD29-474D-B433-4B986ABD0E1A}"
EndProject
Global
	GlobalSection(SolutionConfigurationPlatforms) = preSolution
		Debug|Win32 = Debug|Win32
		Release|Win32 = Release|Win32
	EndGlobalSection
	GlobalSection(ProjectConfigurationPlatforms) = postSolution
		{CB3B1D95-DD29-474D-B433-4B986ABD0E1A}.Debug|Win32.ActiveCfg = Debug|Win32
		{CB3B1D95-DD29-474D-B433-4B986ABD0E1A}.Debug|Win32.Build.0 = Debug|Win32
		{CB3B1D95-DD29-474D-B433-4B986ABD0E1A}.Release|Win32.ActiveCfg = Release|Win32
		{CB3B1D95-DD29-474D-B433-4B986ABD0E1A}.Release|Win32.Build.0 = Release|Win32
	EndGlobalSection
	GlobalSection(SolutionProperties) = preSolution
		HideSolutionNode = FALSE
	EndGlobalSection
EndGlobal
